
Microsoft Visual Studio Solution File, Format Version 12.00
# Visual Studio Version 16
VisualStudioVersion = 16.0.31702.278
MinimumVisualStudioVersion = 10.0.40219.1
Project("{FAE04EC0-301F-11D3-BF4B-00C04F79EFBC}") = "HelloWorld", "HelloWorld\HelloWorld.csproj", "{283192F3-0A04-4A0E-911C-F4DC23E822C8}"
EndProject
Global
	GlobalSection(SolutionConfigurationPlatforms) = preSolution
		Debug|Any CPU = Debug|Any CPU
		Release|Any CPU = Release|Any CPU
	EndGlobalSection
	GlobalSection(ProjectConfigurationPlatforms) = postSolution
		{283192F3-0A04-4A0E-911C-F4DC23E822C8}.Debug|Any CPU.ActiveCfg = Debug|Any CPU
		{283192F3-0A04-4A0E-911C-F4DC23E822C8}.Debug|Any CPU.Build.0 = Debug|Any CPU
		{283192F3-0A04-4A0E-911C-F4DC23E822C8}.Release|Any CPU.ActiveCfg = Release|Any CPU
		{283192F3-0A04-4A0E-911C-F4DC23E822C8}.Release|Any CPU.Build.0 = Release|Any CPU
	EndGlobalSection
	GlobalSection(SolutionProperties) = preSolution
		HideSolutionNode = FALSE
	EndGlobalSection
	GlobalSection(ExtensibilityGlobals) = postSolution
		SolutionGuid = {EDADB4D9-34DE-46C2-8517-D9CCD8E1F4DD}
	EndGlobalSection
EndGlobal
